<?xml version="1.0" encoding="utf-8"?>
<Project ToolsVersion="4.0" xmlns="http://schemas.microsoft.com/developer/msbuild/2003">
  <ItemGroup>
    <ClCompile Include="fccore\GraphicsDevice\fcGraphicsDeviceD3D9.cpp">
      <Filter>fccore\GraphisDevice</Filter>
    </ClCompile>
    <ClCompile Include="fccore\GraphicsDevice\fcGraphicsDeviceD3D11.cpp">
      <Filter>fccore\GraphisDevice</Filter>
    </ClCompile>
    <ClCompile Include="fccore\GraphicsDevice\fcGraphicsDeviceOpenGL.cpp">
      <Filter>fccore\GraphisDevice</Filter>
    </ClCompile>
    <ClCompile Include="fccore\GraphicsDevice\fcGraphicsDevice.cpp">
      <Filter>fccore\GraphisDevice</Filter>
    </ClCompile>
    <ClCompile Include="fccore\fccore.cpp">
      <Filter>fccore</Filter>
    </ClCompile>
    <ClCompile Include="fccore\pch.cpp">
      <Filter>fccore</Filter>
    </ClCompile>
    <ClCompile Include="fccore\Foundation\Misc.cpp">
      <Filter>fccore\Foundation</Filter>
    </ClCompile>
    <ClCompile Include="fccore\Foundation\PixelFormat.cpp">
      <Filter>fccore\Foundation</Filter>
    </ClCompile>
    <ClCompile Include="fccore\Foundation\TaskQueue.cpp">
      <Filter>fccore\Foundation</Filter>
    </ClCompile>
    <ClCompile Include="fccore\Foundation\YUV.cpp">
      <Filter>fccore\Foundation</Filter>
    </ClCompile>
    <ClCompile Include="fccore\Foundation\Buffer.cpp">
      <Filter>fccore\Foundation</Filter>
    </ClCompile>
    <ClCompile Include="fccore\Foundation\TaskGroup.cpp">
      <Filter>fccore\Foundation</Filter>
    </ClCompile>
    <ClCompile Include="fccore\Encoder\WebM\fcWebMWriter.cpp">
      <Filter>fccore\Encoder\WebM</Filter>
    </ClCompile>
    <ClCompile Include="fccore\Encoder\WebM\fcOpusEncoder.cpp">
      <Filter>fccore\Encoder\WebM</Filter>
    </ClCompile>
    <ClCompile Include="fccore\Encoder\WebM\fcVorbisEncoder.cpp">
      <Filter>fccore\Encoder\WebM</Filter>
    </ClCompile>
    <ClCompile Include="fccore\Encoder\WebM\fcVPXEncoder.cpp">
      <Filter>fccore\Encoder\WebM</Filter>
    </ClCompile>
    <ClCompile Include="fccore\Encoder\WebM\fcWebMContext.cpp">
      <Filter>fccore\Encoder\WebM</Filter>
    </ClCompile>
    <ClCompile Include="fccore\Encoder\MP4\fcMP4Writer.cpp">
      <Filter>fccore\Encoder\MP4</Filter>
    </ClCompile>
    <ClCompile Include="fccore\Encoder\MP4\fcAACEncoderFAAC.cpp">
      <Filter>fccore\Encoder\MP4</Filter>
    </ClCompile>
    <ClCompile Include="fccore\Encoder\MP4\fcAACEncoderIntel.cpp">
      <Filter>fccore\Encoder\MP4</Filter>
    </ClCompile>
    <ClCompile Include="fccore\Encoder\MP4\fcH264Encoder.cpp">
      <Filter>fccore\Encoder\MP4</Filter>
    </ClCompile>
    <ClCompile Include="fccore\Encoder\MP4\fcH264EncoderAMD.cpp">
      <Filter>fccore\Encoder\MP4</Filter>
    </ClCompile>
    <ClCompile Include="fccore\Encoder\MP4\fcH264EncoderIntel.cpp">
      <Filter>fccore\Encoder\MP4</Filter>
    </ClCompile>
    <ClCompile Include="fccore\Encoder\MP4\fcH264EncoderNVIDIA.cpp">
      <Filter>fccore\Encoder\MP4</Filter>
    </ClCompile>
    <ClCompile Include="fccore\Encoder\MP4\fcH264EncoderOpenH264.cpp">
      <Filter>fccore\Encoder\MP4</Filter>
    </ClCompile>
    <ClCompile Include="fccore\Encoder\MP4\fcMP4Context.cpp">
      <Filter>fccore\Encoder\MP4</Filter>
    </ClCompile>
    <ClCompile Include="fccore\Encoder\Audio\fcWaveContext.cpp">
      <Filter>fccore\Encoder\Audio</Filter>
    </ClCompile>
    <ClCompile Include="fccore\Encoder\Audio\fcFlacContext.cpp">
      <Filter>fccore\Encoder\Audio</Filter>
    </ClCompile>
    <ClCompile Include="fccore\Encoder\Audio\fcOggContext.cpp">
      <Filter>fccore\Encoder\Audio</Filter>
    </ClCompile>
    <ClCompile Include="fccore\Encoder\Image\fcPngContext.cpp">
      <Filter>fccore\Encoder\Image</Filter>
    </ClCompile>
    <ClCompile Include="fccore\Encoder\Image\fcExrContext.cpp">
      <Filter>fccore\Encoder\Image</Filter>
    </ClCompile>
    <ClCompile Include="fccore\Encoder\Image\fcGifContext.cpp">
      <Filter>fccore\Encoder\Image</Filter>
    </ClCompile>
    <ClCompile Include="fccore\Encoder\MP4\fcMP4_Windows.cpp">
      <Filter>fccore\Encoder\MP4</Filter>
    </ClCompile>
    <ClCompile Include="fccore\Encoder\MP4\fcMP4_Mac.cpp">
      <Filter>fccore\Encoder\MP4</Filter>
    </ClCompile>
    <ClCompile Include="fccore\Encoder\MP4\fcMP4_Linux.cpp">
      <Filter>fccore\Encoder\MP4</Filter>
    </ClCompile>
    <ClCompile Include="fccore\fcInternal.cpp">
      <Filter>fccore</Filter>
    </ClCompile>
  </ItemGroup>
  <ItemGroup>
    <ClInclude Include="fccore\GraphicsDevice\fcGraphicsDevice.h">
      <Filter>fccore\GraphisDevice</Filter>
    </ClInclude>
    <ClInclude Include="fccore\fccore.h">
      <Filter>fccore</Filter>
    </ClInclude>
    <ClInclude Include="fccore\fcInternal.h">
      <Filter>fccore</Filter>
    </ClInclude>
    <ClInclude Include="fccore\pch.h">
      <Filter>fccore</Filter>
    </ClInclude>
    <ClInclude Include="fccore\Foundation\YUV.h">
      <Filter>fccore\Foundation</Filter>
    </ClInclude>
    <ClInclude Include="fccore\Foundation\Buffer.h">
      <Filter>fccore\Foundation</Filter>
    </ClInclude>
    <ClInclude Include="fccore\Foundation\fcFoundation.h">
      <Filter>fccore\Foundation</Filter>
    </ClInclude>
    <ClInclude Include="fccore\Foundation\LazyInstance.h">
      <Filter>fccore\Foundation</Filter>
    </ClInclude>
    <ClInclude Include="fccore\Foundation\Misc.h">
      <Filter>fccore\Foundation</Filter>
    </ClInclude>
    <ClInclude Include="fccore\Foundation\PixelFormat.h">
      <Filter>fccore\Foundation</Filter>
    </ClInclude>
    <ClInclude Include="fccore\Foundation\TaskQueue.h">
      <Filter>fccore\Foundation</Filter>
    </ClInclude>
    <ClInclude Include="fccore\Foundation\TaskGroup.h">
      <Filter>fccore\Foundation</Filter>
    </ClInclude>
    <ClInclude Include="fccore\Encoder\WebM\fcWebMWriter.h">
      <Filter>fccore\Encoder\WebM</Filter>
    </ClInclude>
    <ClInclude Include="fccore\Encoder\WebM\fcVorbisEncoder.h">
      <Filter>fccore\Encoder\WebM</Filter>
    </ClInclude>
    <ClInclude Include="fccore\Encoder\WebM\fcVPXEncoder.h">
      <Filter>fccore\Encoder\WebM</Filter>
    </ClInclude>
    <ClInclude Include="fccore\Encoder\WebM\fcWebMContext.h">
      <Filter>fccore\Encoder\WebM</Filter>
    </ClInclude>
    <ClInclude Include="fccore\Encoder\WebM\fcWebMInternal.h">
      <Filter>fccore\Encoder\WebM</Filter>
    </ClInclude>
    <ClInclude Include="fccore\Encoder\MP4\fcMP4Context.h">
      <Filter>fccore\Encoder\MP4</Filter>
    </ClInclude>
    <ClInclude Include="fccore\Encoder\MP4\fcMP4Internal.h">
      <Filter>fccore\Encoder\MP4</Filter>
    </ClInclude>
    <ClInclude Include="fccore\Encoder\MP4\fcMP4Writer.h">
      <Filter>fccore\Encoder\MP4</Filter>
    </ClInclude>
    <ClInclude Include="fccore\Encoder\MP4\fcAACEncoder.h">
      <Filter>fccore\Encoder\MP4</Filter>
    </ClInclude>
    <ClInclude Include="fccore\Encoder\MP4\fcH264Encoder.h">
      <Filter>fccore\Encoder\MP4</Filter>
    </ClInclude>
    <ClInclude Include="fccore\Encoder\Audio\fcWaveContext.h">
      <Filter>fccore\Encoder\Audio</Filter>
    </ClInclude>
    <ClInclude Include="fccore\Encoder\Audio\fcFlacContext.h">
      <Filter>fccore\Encoder\Audio</Filter>
    </ClInclude>
    <ClInclude Include="fccore\Encoder\Audio\fcOggContext.h">
      <Filter>fccore\Encoder\Audio</Filter>
    </ClInclude>
    <ClInclude Include="fccore\Encoder\Image\fcGifContext.h">
      <Filter>fccore\Encoder\Image</Filter>
    </ClInclude>
    <ClInclude Include="fccore\Encoder\Image\fcPngContext.h">
      <Filter>fccore\Encoder\Image</Filter>
    </ClInclude>
    <ClInclude Include="fccore\Encoder\Image\fcExrContext.h">
      <Filter>fccore\Encoder\Image</Filter>
    </ClInclude>
  </ItemGroup>
  <ItemGroup>
    <Filter Include="fccore">
      <UniqueIdentifier>{4f930daa-c03d-45a1-a52f-0444b1a61b81}</UniqueIdentifier>
    </Filter>
    <Filter Include="fccore\GraphisDevice">
      <UniqueIdentifier>{5cc610eb-d8bf-49c9-a636-9d3473a07dce}</UniqueIdentifier>
    </Filter>
    <Filter Include="fccore\Encoder">
      <UniqueIdentifier>{48802eb2-d965-4472-acfa-f45fccdf33ac}</UniqueIdentifier>
    </Filter>
    <Filter Include="fccore\Foundation">
      <UniqueIdentifier>{99a7fb3c-c008-4ca2-9520-54ad3bfa2ae6}</UniqueIdentifier>
    </Filter>
    <Filter Include="fccore\Encoder\WebM">
      <UniqueIdentifier>{f712ab23-4d3d-4f9d-99d8-4838c7a6577b}</UniqueIdentifier>
    </Filter>
    <Filter Include="fccore\Encoder\MP4">
      <UniqueIdentifier>{cf4fb31e-8360-4cca-9b9f-efc1e74d83e0}</UniqueIdentifier>
    </Filter>
    <Filter Include="fccore\Encoder\Image">
      <UniqueIdentifier>{274207d8-a250-4dc5-9ae1-a00ae79178ab}</UniqueIdentifier>
    </Filter>
    <Filter Include="fccore\Encoder\Audio">
      <UniqueIdentifier>{c9c18dae-7c2d-4783-8af8-9426218beb19}</UniqueIdentifier>
    </Filter>
  </ItemGroup>
  <ItemGroup>
    <Natvis Include="NatvisFile.natvis" />
  </ItemGroup>
  <ItemGroup>
    <CustomBuild Include="fccore\Foundation\ConvertKernel.ispc">
      <Filter>fccore\Foundation</Filter>
    </CustomBuild>
  </ItemGroup>
  <ItemGroup>
    <None Include="fccore\Encoder\Image\jo_gif.i">
      <Filter>fccore\Encoder\Image</Filter>
    </None>
  </ItemGroup>
</Project>