<?xml version="1.0" encoding="utf-8"?>
<Project ToolsVersion="4.0" xmlns="http://schemas.microsoft.com/developer/msbuild/2003">
  <ItemGroup>
    <ClCompile Include="pch.cpp" />
    <ClCompile Include="Foundation\Network.cpp">
      <Filter>Foundation</Filter>
    </ClCompile>
    <ClCompile Include="Foundation\Compression.cpp">
      <Filter>Foundation</Filter>
    </ClCompile>
    <ClCompile Include="Foundation\Misc.cpp">
      <Filter>Foundation</Filter>
    </ClCompile>
    <ClCompile Include="Foundation\PixelFormat.cpp">
      <Filter>Foundation</Filter>
    </ClCompile>
    <ClCompile Include="Foundation\fcThreadPool.cpp">
      <Filter>Foundation</Filter>
    </ClCompile>
    <ClCompile Include="Foundation\TaskQueue.cpp">
      <Filter>Foundation</Filter>
    </ClCompile>
  </ItemGroup>
  <ItemGroup>
    <ClInclude Include="pch.h" />
    <ClInclude Include="Foundation\Misc.h">
      <Filter>Foundation</Filter>
    </ClInclude>
    <ClInclude Include="Foundation\Buffer.h">
      <Filter>Foundation</Filter>
    </ClInclude>
    <ClInclude Include="Foundation\fcFoundation.h">
      <Filter>Foundation</Filter>
    </ClInclude>
    <ClInclude Include="Foundation\PixelFormat.h">
      <Filter>Foundation</Filter>
    </ClInclude>
    <ClInclude Include="Foundation\fcThreadPool.h">
      <Filter>Foundation</Filter>
    </ClInclude>
    <ClInclude Include="Foundation\TaskQueue.h">
      <Filter>Foundation</Filter>
    </ClInclude>
  </ItemGroup>
  <ItemGroup>
    <Filter Include="Foundation">
      <UniqueIdentifier>{47963172-c16e-4913-80e1-422c83424a69}</UniqueIdentifier>
    </Filter>
  </ItemGroup>
  <ItemGroup>
    <CustomBuild Include="Foundation\ConvertKernel.ispc">
      <Filter>Foundation</Filter>
    </CustomBuild>
  </ItemGroup>
</Project>