<?xml version="1.0" encoding="utf-8"?>
<Project ToolsVersion="4.0" xmlns="http://schemas.microsoft.com/developer/msbuild/2003">
  <ItemGroup>
    <ClCompile Include="pch.cpp" />
    <ClCompile Include="Encoder\fcExrFile.cpp">
      <Filter>Encoder</Filter>
    </ClCompile>
    <ClCompile Include="fcThreadPool.cpp" />
  </ItemGroup>
  <ItemGroup>
    <ClInclude Include="FrameCapturer.h" />
    <ClInclude Include="pch.h" />
    <ClInclude Include="fcFoundation.h" />
    <ClInclude Include="Encoder\fcExrFile.h">
      <Filter>Encoder</Filter>
    </ClInclude>
    <ClInclude Include="fcThreadPool.h" />
  </ItemGroup>
  <ItemGroup>
    <Filter Include="Encoder">
      <UniqueIdentifier>{48802eb2-d965-4472-acfa-f45fccdf33ac}</UniqueIdentifier>
    </Filter>
    <Filter Include="Foundation">
      <UniqueIdentifier>{7855f090-05c2-4b32-bf28-25c6b4919c35}</UniqueIdentifier>
    </Filter>
  </ItemGroup>
</Project>