
Microsoft Visual Studio Solution File, Format Version 12.00
# Visual Studio 14
VisualStudioVersion = 14.0.25420.1
MinimumVisualStudioVersion = 10.0.40219.1
Project("{8BC9CEB8-8B4A-11D0-8D11-00A0C91BC942}") = "FrameCapturer", "FrameCapturer.vcxproj", "{08361722-5520-47AC-A0C2-31E8A062B73F}"
EndProject
Project("{2150E333-8FDC-42A3-9474-1A3956D46DE8}") = "Tests", "Tests", "{FECF9257-E769-403F-89EC-1767901184CD}"
EndProject
Project("{8BC9CEB8-8B4A-11D0-8D11-00A0C91BC942}") = "Test", "Tests\Test.vcxproj", "{2E766DA9-F367-4363-A7D7-05EE6C11F5D1}"
EndProject
Project("{8BC9CEB8-8B4A-11D0-8D11-00A0C91BC942}") = "Foundation", "Foundation.vcxproj", "{DF113358-BDD3-418F-A350-43D63F249B45}"
EndProject
Project("{8BC9CEB8-8B4A-11D0-8D11-00A0C91BC942}") = "setup", "setup.vcxproj", "{1C5DE91B-7AE9-4304-9FA1-0DE1ABA8C02D}"
EndProject
Project("{8BC9CEB8-8B4A-11D0-8D11-00A0C91BC942}") = "amf", "amf.vcxproj", "{5D8DF42E-E98E-4738-BFB1-953B33DEFD1A}"
EndProject
Global
	GlobalSection(SolutionConfigurationPlatforms) = preSolution
		Debug|Win32 = Debug|Win32
		Debug|x64 = Debug|x64
		Master|Win32 = Master|Win32
		Master|x64 = Master|x64
		MasterDLL|Win32 = MasterDLL|Win32
		MasterDLL|x64 = MasterDLL|x64
		MasterLib|Win32 = MasterLib|Win32
		MasterLib|x64 = MasterLib|x64
	EndGlobalSection
	GlobalSection(ProjectConfigurationPlatforms) = postSolution
		{08361722-5520-47AC-A0C2-31E8A062B73F}.Debug|Win32.ActiveCfg = Debug|Win32
		{08361722-5520-47AC-A0C2-31E8A062B73F}.Debug|Win32.Build.0 = Debug|Win32
		{08361722-5520-47AC-A0C2-31E8A062B73F}.Debug|x64.ActiveCfg = Debug|x64
		{08361722-5520-47AC-A0C2-31E8A062B73F}.Debug|x64.Build.0 = Debug|x64
		{08361722-5520-47AC-A0C2-31E8A062B73F}.Master|Win32.ActiveCfg = MasterLib|Win32
		{08361722-5520-47AC-A0C2-31E8A062B73F}.Master|Win32.Build.0 = MasterLib|Win32
		{08361722-5520-47AC-A0C2-31E8A062B73F}.Master|x64.ActiveCfg = MasterLib|x64
		{08361722-5520-47AC-A0C2-31E8A062B73F}.Master|x64.Build.0 = MasterLib|x64
		{08361722-5520-47AC-A0C2-31E8A062B73F}.MasterDLL|Win32.ActiveCfg = MasterDLL|Win32
		{08361722-5520-47AC-A0C2-31E8A062B73F}.MasterDLL|Win32.Build.0 = MasterDLL|Win32
		{08361722-5520-47AC-A0C2-31E8A062B73F}.MasterDLL|x64.ActiveCfg = MasterDLL|x64
		{08361722-5520-47AC-A0C2-31E8A062B73F}.MasterDLL|x64.Build.0 = MasterDLL|x64
		{08361722-5520-47AC-A0C2-31E8A062B73F}.MasterLib|Win32.ActiveCfg = MasterLib|Win32
		{08361722-5520-47AC-A0C2-31E8A062B73F}.MasterLib|Win32.Build.0 = MasterLib|Win32
		{08361722-5520-47AC-A0C2-31E8A062B73F}.MasterLib|x64.ActiveCfg = MasterLib|x64
		{08361722-5520-47AC-A0C2-31E8A062B73F}.MasterLib|x64.Build.0 = MasterLib|x64
		{2E766DA9-F367-4363-A7D7-05EE6C11F5D1}.Debug|Win32.ActiveCfg = Debug|Win32
		{2E766DA9-F367-4363-A7D7-05EE6C11F5D1}.Debug|Win32.Build.0 = Debug|Win32
		{2E766DA9-F367-4363-A7D7-05EE6C11F5D1}.Debug|x64.ActiveCfg = Debug|x64
		{2E766DA9-F367-4363-A7D7-05EE6C11F5D1}.Debug|x64.Build.0 = Debug|x64
		{2E766DA9-F367-4363-A7D7-05EE6C11F5D1}.Master|Win32.ActiveCfg = MasterLib|Win32
		{2E766DA9-F367-4363-A7D7-05EE6C11F5D1}.Master|Win32.Build.0 = MasterLib|Win32
		{2E766DA9-F367-4363-A7D7-05EE6C11F5D1}.Master|x64.ActiveCfg = MasterLib|x64
		{2E766DA9-F367-4363-A7D7-05EE6C11F5D1}.Master|x64.Build.0 = MasterLib|x64
		{2E766DA9-F367-4363-A7D7-05EE6C11F5D1}.MasterDLL|Win32.ActiveCfg = MasterDLL|Win32
		{2E766DA9-F367-4363-A7D7-05EE6C11F5D1}.MasterDLL|Win32.Build.0 = MasterDLL|Win32
		{2E766DA9-F367-4363-A7D7-05EE6C11F5D1}.MasterDLL|x64.ActiveCfg = MasterDLL|x64
		{2E766DA9-F367-4363-A7D7-05EE6C11F5D1}.MasterDLL|x64.Build.0 = MasterDLL|x64
		{2E766DA9-F367-4363-A7D7-05EE6C11F5D1}.MasterLib|Win32.ActiveCfg = MasterLib|Win32
		{2E766DA9-F367-4363-A7D7-05EE6C11F5D1}.MasterLib|Win32.Build.0 = MasterLib|Win32
		{2E766DA9-F367-4363-A7D7-05EE6C11F5D1}.MasterLib|x64.ActiveCfg = MasterLib|x64
		{2E766DA9-F367-4363-A7D7-05EE6C11F5D1}.MasterLib|x64.Build.0 = MasterLib|x64
		{DF113358-BDD3-418F-A350-43D63F249B45}.Debug|Win32.ActiveCfg = Debug|Win32
		{DF113358-BDD3-418F-A350-43D63F249B45}.Debug|Win32.Build.0 = Debug|Win32
		{DF113358-BDD3-418F-A350-43D63F249B45}.Debug|x64.ActiveCfg = Debug|x64
		{DF113358-BDD3-418F-A350-43D63F249B45}.Debug|x64.Build.0 = Debug|x64
		{DF113358-BDD3-418F-A350-43D63F249B45}.Master|Win32.ActiveCfg = Master|Win32
		{DF113358-BDD3-418F-A350-43D63F249B45}.Master|Win32.Build.0 = Master|Win32
		{DF113358-BDD3-418F-A350-43D63F249B45}.Master|x64.ActiveCfg = Master|x64
		{DF113358-BDD3-418F-A350-43D63F249B45}.Master|x64.Build.0 = Master|x64
		{DF113358-BDD3-418F-A350-43D63F249B45}.MasterDLL|Win32.ActiveCfg = Master|Win32
		{DF113358-BDD3-418F-A350-43D63F249B45}.MasterDLL|Win32.Build.0 = Master|Win32
		{DF113358-BDD3-418F-A350-43D63F249B45}.MasterDLL|x64.ActiveCfg = Master|x64
		{DF113358-BDD3-418F-A350-43D63F249B45}.MasterDLL|x64.Build.0 = Master|x64
		{DF113358-BDD3-418F-A350-43D63F249B45}.MasterLib|Win32.ActiveCfg = Master|Win32
		{DF113358-BDD3-418F-A350-43D63F249B45}.MasterLib|Win32.Build.0 = Master|Win32
		{DF113358-BDD3-418F-A350-43D63F249B45}.MasterLib|x64.ActiveCfg = Master|x64
		{DF113358-BDD3-418F-A350-43D63F249B45}.MasterLib|x64.Build.0 = Master|x64
		{1C5DE91B-7AE9-4304-9FA1-0DE1ABA8C02D}.Debug|Win32.ActiveCfg = Debug|Win32
		{1C5DE91B-7AE9-4304-9FA1-0DE1ABA8C02D}.Debug|Win32.Build.0 = Debug|Win32
		{1C5DE91B-7AE9-4304-9FA1-0DE1ABA8C02D}.Debug|x64.ActiveCfg = Debug|x64
		{1C5DE91B-7AE9-4304-9FA1-0DE1ABA8C02D}.Debug|x64.Build.0 = Debug|x64
		{1C5DE91B-7AE9-4304-9FA1-0DE1ABA8C02D}.Master|Win32.ActiveCfg = Master|Win32
		{1C5DE91B-7AE9-4304-9FA1-0DE1ABA8C02D}.Master|Win32.Build.0 = Master|Win32
		{1C5DE91B-7AE9-4304-9FA1-0DE1ABA8C02D}.Master|x64.ActiveCfg = Master|x64
		{1C5DE91B-7AE9-4304-9FA1-0DE1ABA8C02D}.Master|x64.Build.0 = Master|x64
		{1C5DE91B-7AE9-4304-9FA1-0DE1ABA8C02D}.MasterDLL|Win32.ActiveCfg = Master|Win32
		{1C5DE91B-7AE9-4304-9FA1-0DE1ABA8C02D}.MasterDLL|Win32.Build.0 = Master|Win32
		{1C5DE91B-7AE9-4304-9FA1-0DE1ABA8C02D}.MasterDLL|x64.ActiveCfg = Master|x64
		{1C5DE91B-7AE9-4304-9FA1-0DE1ABA8C02D}.MasterDLL|x64.Build.0 = Master|x64
		{1C5DE91B-7AE9-4304-9FA1-0DE1ABA8C02D}.MasterLib|Win32.ActiveCfg = Master|Win32
		{1C5DE91B-7AE9-4304-9FA1-0DE1ABA8C02D}.MasterLib|Win32.Build.0 = Master|Win32
		{1C5DE91B-7AE9-4304-9FA1-0DE1ABA8C02D}.MasterLib|x64.ActiveCfg = Master|x64
		{1C5DE91B-7AE9-4304-9FA1-0DE1ABA8C02D}.MasterLib|x64.Build.0 = Master|x64
		{5D8DF42E-E98E-4738-BFB1-953B33DEFD1A}.Debug|Win32.ActiveCfg = Debug|Win32
		{5D8DF42E-E98E-4738-BFB1-953B33DEFD1A}.Debug|Win32.Build.0 = Debug|Win32
		{5D8DF42E-E98E-4738-BFB1-953B33DEFD1A}.Debug|x64.ActiveCfg = Debug|x64
		{5D8DF42E-E98E-4738-BFB1-953B33DEFD1A}.Debug|x64.Build.0 = Debug|x64
		{5D8DF42E-E98E-4738-BFB1-953B33DEFD1A}.Master|Win32.ActiveCfg = Master|Win32
		{5D8DF42E-E98E-4738-BFB1-953B33DEFD1A}.Master|Win32.Build.0 = Master|Win32
		{5D8DF42E-E98E-4738-BFB1-953B33DEFD1A}.Master|x64.ActiveCfg = Master|x64
		{5D8DF42E-E98E-4738-BFB1-953B33DEFD1A}.Master|x64.Build.0 = Master|x64
		{5D8DF42E-E98E-4738-BFB1-953B33DEFD1A}.MasterDLL|Win32.ActiveCfg = Master|Win32
		{5D8DF42E-E98E-4738-BFB1-953B33DEFD1A}.MasterDLL|Win32.Build.0 = Master|Win32
		{5D8DF42E-E98E-4738-BFB1-953B33DEFD1A}.MasterDLL|x64.ActiveCfg = Master|x64
		{5D8DF42E-E98E-4738-BFB1-953B33DEFD1A}.MasterDLL|x64.Build.0 = Master|x64
		{5D8DF42E-E98E-4738-BFB1-953B33DEFD1A}.MasterLib|Win32.ActiveCfg = Master|Win32
		{5D8DF42E-E98E-4738-BFB1-953B33DEFD1A}.MasterLib|Win32.Build.0 = Master|Win32
		{5D8DF42E-E98E-4738-BFB1-953B33DEFD1A}.MasterLib|x64.ActiveCfg = Master|x64
		{5D8DF42E-E98E-4738-BFB1-953B33DEFD1A}.MasterLib|x64.Build.0 = Master|x64
	EndGlobalSection
	GlobalSection(SolutionProperties) = preSolution
		HideSolutionNode = FALSE
	EndGlobalSection
	GlobalSection(NestedProjects) = preSolution
		{2E766DA9-F367-4363-A7D7-05EE6C11F5D1} = {FECF9257-E769-403F-89EC-1767901184CD}
	EndGlobalSection
EndGlobal
