<?xml version="1.0" encoding="utf-8"?>
<Project ToolsVersion="4.0" xmlns="http://schemas.microsoft.com/developer/msbuild/2003">
  <ItemGroup>
    <ClCompile Include="pch.cpp" />
    <ClCompile Include="Encoder\fcMP4File.cpp">
      <Filter>Encoder</Filter>
    </ClCompile>
    <ClCompile Include="Encoder\fcOpenH264Encoder.cpp">
      <Filter>Encoder</Filter>
    </ClCompile>
    <ClCompile Include="Encoder\fcNVH264Encoder.cpp">
      <Filter>Encoder</Filter>
    </ClCompile>
    <ClCompile Include="Encoder\fcAMDH264Encoder.cpp">
      <Filter>Encoder</Filter>
    </ClCompile>
    <ClCompile Include="Encoder\fcFAACEncoder.cpp">
      <Filter>Encoder</Filter>
    </ClCompile>
    <ClCompile Include="Encoder\Windows\fcMP4_WMF.cpp">
      <Filter>Encoder\Windows</Filter>
    </ClCompile>
    <ClCompile Include="Encoder\fcMP4Writer.cpp">
      <Filter>Encoder</Filter>
    </ClCompile>
  </ItemGroup>
  <ItemGroup>
    <ClInclude Include="FrameCapturer.h" />
    <ClInclude Include="pch.h" />
    <ClInclude Include="Encoder\fcMP4File.h">
      <Filter>Encoder</Filter>
    </ClInclude>
    <ClInclude Include="Encoder\fcH264Encoder.h">
      <Filter>Encoder</Filter>
    </ClInclude>
    <ClInclude Include="Encoder\fcAACEncoder.h">
      <Filter>Encoder</Filter>
    </ClInclude>
    <ClInclude Include="Encoder\fcMP4Internal.h">
      <Filter>Encoder</Filter>
    </ClInclude>
    <ClInclude Include="Encoder\fcMP4Writer.h">
      <Filter>Encoder</Filter>
    </ClInclude>
  </ItemGroup>
  <ItemGroup>
    <Filter Include="Encoder">
      <UniqueIdentifier>{48802eb2-d965-4472-acfa-f45fccdf33ac}</UniqueIdentifier>
    </Filter>
    <Filter Include="Encoder\Windows">
      <UniqueIdentifier>{d82fe47e-41ee-41f3-be05-3083843aa47d}</UniqueIdentifier>
    </Filter>
  </ItemGroup>
  <ItemGroup>
    <Natvis Include="NatvisFile.natvis" />
  </ItemGroup>
</Project>