<?xml version="1.0" encoding="utf-8"?>
<Project ToolsVersion="4.0" xmlns="http://schemas.microsoft.com/developer/msbuild/2003">
  <ItemGroup>
    <ClCompile Include="pch.cpp" />
    <ClCompile Include="Encoder\fcWebMFile.cpp">
      <Filter>Encoder</Filter>
    </ClCompile>
    <ClCompile Include="Encoder\fcVorbisEncoder.cpp">
      <Filter>Encoder</Filter>
    </ClCompile>
    <ClCompile Include="Encoder\fcI420.cpp">
      <Filter>Encoder</Filter>
    </ClCompile>
    <ClCompile Include="Encoder\fcOpusEncoder.cpp">
      <Filter>Encoder</Filter>
    </ClCompile>
    <ClCompile Include="Encoder\fcVPXEncoder.cpp">
      <Filter>Encoder</Filter>
    </ClCompile>
    <ClCompile Include="Encoder\fcWebMWriter.cpp">
      <Filter>Encoder</Filter>
    </ClCompile>
  </ItemGroup>
  <ItemGroup>
    <ClInclude Include="FrameCapturer.h" />
    <ClInclude Include="pch.h" />
    <ClInclude Include="Encoder\fcVPXEncoder.h">
      <Filter>Encoder</Filter>
    </ClInclude>
    <ClInclude Include="Encoder\fcWebMFile.h">
      <Filter>Encoder</Filter>
    </ClInclude>
    <ClInclude Include="Encoder\fcVorbisEncoder.h">
      <Filter>Encoder</Filter>
    </ClInclude>
    <ClInclude Include="Encoder\fcI420.h">
      <Filter>Encoder</Filter>
    </ClInclude>
    <ClInclude Include="Encoder\fcWebMWriter.h">
      <Filter>Encoder</Filter>
    </ClInclude>
  </ItemGroup>
  <ItemGroup>
    <Filter Include="Encoder">
      <UniqueIdentifier>{5a9f7796-a052-481e-8b0d-d955258decef}</UniqueIdentifier>
    </Filter>
  </ItemGroup>
  <ItemGroup>
    <Natvis Include="NatvisFile.natvis" />
  </ItemGroup>
</Project>