<?xml version="1.0" encoding="utf-8"?>
<Project ToolsVersion="4.0" xmlns="http://schemas.microsoft.com/developer/msbuild/2003">
  <ItemGroup>
    <ClCompile Include="pch.cpp" />
    <ClCompile Include="Encoder\fcMP4File.cpp">
      <Filter>Encoder</Filter>
    </ClCompile>
    <ClCompile Include="Encoder\fcMP4Muxer.cpp">
      <Filter>Encoder</Filter>
    </ClCompile>
    <ClCompile Include="Foundation\Network.cpp">
      <Filter>Foundation</Filter>
    </ClCompile>
    <ClCompile Include="Foundation\Compression.cpp">
      <Filter>Foundation</Filter>
    </ClCompile>
    <ClCompile Include="Encoder\fcMP4StreamWriter.cpp">
      <Filter>Encoder</Filter>
    </ClCompile>
    <ClCompile Include="Foundation\Misc.cpp">
      <Filter>Foundation</Filter>
    </ClCompile>
    <ClCompile Include="Encoder\fcOpenH264Encoder.cpp">
      <Filter>Encoder</Filter>
    </ClCompile>
    <ClCompile Include="Encoder\fcNVH264Encoder.cpp">
      <Filter>Encoder</Filter>
    </ClCompile>
    <ClCompile Include="Encoder\fcAMDH264Encoder.cpp">
      <Filter>Encoder</Filter>
    </ClCompile>
    <ClCompile Include="Encoder\fcFAACEncoder.cpp">
      <Filter>Encoder</Filter>
    </ClCompile>
  </ItemGroup>
  <ItemGroup>
    <ClInclude Include="FrameCapturer.h" />
    <ClInclude Include="pch.h" />
    <ClInclude Include="Encoder\fcMP4File.h">
      <Filter>Encoder</Filter>
    </ClInclude>
    <ClInclude Include="Encoder\fcMP4Muxer.h">
      <Filter>Encoder</Filter>
    </ClInclude>
    <ClInclude Include="Encoder\fcH264Encoder.h">
      <Filter>Encoder</Filter>
    </ClInclude>
    <ClInclude Include="Encoder\fcAACEncoder.h">
      <Filter>Encoder</Filter>
    </ClInclude>
    <ClInclude Include="Foundation\Misc.h">
      <Filter>Foundation</Filter>
    </ClInclude>
    <ClInclude Include="Foundation\Buffer.h">
      <Filter>Foundation</Filter>
    </ClInclude>
    <ClInclude Include="Foundation\fcFoundation.h">
      <Filter>Foundation</Filter>
    </ClInclude>
    <ClInclude Include="Encoder\fcMP4Internal.h">
      <Filter>Encoder</Filter>
    </ClInclude>
    <ClInclude Include="Encoder\fcMP4StreamWriter.h">
      <Filter>Encoder</Filter>
    </ClInclude>
  </ItemGroup>
  <ItemGroup>
    <Filter Include="Encoder">
      <UniqueIdentifier>{48802eb2-d965-4472-acfa-f45fccdf33ac}</UniqueIdentifier>
    </Filter>
    <Filter Include="Foundation">
      <UniqueIdentifier>{4892a6a3-8561-4571-93db-60975b283444}</UniqueIdentifier>
    </Filter>
  </ItemGroup>
</Project>